
Microsoft Visual Studio Solution File, Format Version 11.00
# Visual C# Express 2010
Project("{FAE04EC0-301F-11D3-BF4B-00C04F79EFBC}") = "CubeClockObserver", "CubeClockObserver\CubeClockObserver.csproj", "{4E4EB6DF-F2AC-4A00-92E6-082BF7CFDC25}"
EndProject
Project("{FAE04EC0-301F-11D3-BF4B-00C04F79EFBC}") = "CubeClock", "CubeClock\CubeClock.csproj", "{AF5BE03A-AD35-4D0E-AE07-313F7D500D19}"
EndProject
Project("{FAE04EC0-301F-11D3-BF4B-00C04F79EFBC}") = "CubeClockTest", "CubeClockTest\CubeClockTest.csproj", "{8BA71313-DF9B-45A2-A64B-64D7E17009A4}"
EndProject
Project("{FAE04EC0-301F-11D3-BF4B-00C04F79EFBC}") = "CubeClockAdjuster", "CubeClockAdjuster\CubeClockAdjuster.csproj", "{28C9C952-B102-409B-8C0E-9F236375D696}"
EndProject
Global
	GlobalSection(SolutionConfigurationPlatforms) = preSolution
		Debug|Any CPU = Debug|Any CPU
		Debug|x64 = Debug|x64
		Debug|x86 = Debug|x86
		Release|Any CPU = Release|Any CPU
		Release|x64 = Release|x64
		Release|x86 = Release|x86
	EndGlobalSection
	GlobalSection(ProjectConfigurationPlatforms) = postSolution
		{4E4EB6DF-F2AC-4A00-92E6-082BF7CFDC25}.Debug|Any CPU.ActiveCfg = Debug|Any CPU
		{4E4EB6DF-F2AC-4A00-92E6-082BF7CFDC25}.Debug|Any CPU.Build.0 = Debug|Any CPU
		{4E4EB6DF-F2AC-4A00-92E6-082BF7CFDC25}.Debug|x64.ActiveCfg = Debug|x64
		{4E4EB6DF-F2AC-4A00-92E6-082BF7CFDC25}.Debug|x64.Build.0 = Debug|x64
		{4E4EB6DF-F2AC-4A00-92E6-082BF7CFDC25}.Debug|x86.ActiveCfg = Debug|x86
		{4E4EB6DF-F2AC-4A00-92E6-082BF7CFDC25}.Debug|x86.Build.0 = Debug|x86
		{4E4EB6DF-F2AC-4A00-92E6-082BF7CFDC25}.Release|Any CPU.ActiveCfg = Release|Any CPU
		{4E4EB6DF-F2AC-4A00-92E6-082BF7CFDC25}.Release|Any CPU.Build.0 = Release|Any CPU
		{4E4EB6DF-F2AC-4A00-92E6-082BF7CFDC25}.Release|x64.ActiveCfg = Release|x64
		{4E4EB6DF-F2AC-4A00-92E6-082BF7CFDC25}.Release|x64.Build.0 = Release|x64
		{4E4EB6DF-F2AC-4A00-92E6-082BF7CFDC25}.Release|x86.ActiveCfg = Release|x86
		{4E4EB6DF-F2AC-4A00-92E6-082BF7CFDC25}.Release|x86.Build.0 = Release|x86
		{AF5BE03A-AD35-4D0E-AE07-313F7D500D19}.Debug|Any CPU.ActiveCfg = Debug|Any CPU
		{AF5BE03A-AD35-4D0E-AE07-313F7D500D19}.Debug|Any CPU.Build.0 = Debug|Any CPU
		{AF5BE03A-AD35-4D0E-AE07-313F7D500D19}.Debug|x64.ActiveCfg = Debug|x64
		{AF5BE03A-AD35-4D0E-AE07-313F7D500D19}.Debug|x64.Build.0 = Debug|x64
		{AF5BE03A-AD35-4D0E-AE07-313F7D500D19}.Debug|x86.ActiveCfg = Debug|x86
		{AF5BE03A-AD35-4D0E-AE07-313F7D500D19}.Debug|x86.Build.0 = Debug|x86
		{AF5BE03A-AD35-4D0E-AE07-313F7D500D19}.Release|Any CPU.ActiveCfg = Release|Any CPU
		{AF5BE03A-AD35-4D0E-AE07-313F7D500D19}.Release|Any CPU.Build.0 = Release|Any CPU
		{AF5BE03A-AD35-4D0E-AE07-313F7D500D19}.Release|x64.ActiveCfg = Release|x64
		{AF5BE03A-AD35-4D0E-AE07-313F7D500D19}.Release|x64.Build.0 = Release|x64
		{AF5BE03A-AD35-4D0E-AE07-313F7D500D19}.Release|x86.ActiveCfg = Release|x86
		{AF5BE03A-AD35-4D0E-AE07-313F7D500D19}.Release|x86.Build.0 = Release|x86
		{8BA71313-DF9B-45A2-A64B-64D7E17009A4}.Debug|Any CPU.ActiveCfg = Debug|Any CPU
		{8BA71313-DF9B-45A2-A64B-64D7E17009A4}.Debug|Any CPU.Build.0 = Debug|Any CPU
		{8BA71313-DF9B-45A2-A64B-64D7E17009A4}.Debug|x64.ActiveCfg = Debug|x64
		{8BA71313-DF9B-45A2-A64B-64D7E17009A4}.Debug|x64.Build.0 = Debug|x64
		{8BA71313-DF9B-45A2-A64B-64D7E17009A4}.Debug|x86.ActiveCfg = Debug|x86
		{8BA71313-DF9B-45A2-A64B-64D7E17009A4}.Debug|x86.Build.0 = Debug|x86
		{8BA71313-DF9B-45A2-A64B-64D7E17009A4}.Release|Any CPU.ActiveCfg = Release|Any CPU
		{8BA71313-DF9B-45A2-A64B-64D7E17009A4}.Release|Any CPU.Build.0 = Release|Any CPU
		{8BA71313-DF9B-45A2-A64B-64D7E17009A4}.Release|x64.ActiveCfg = Release|x64
		{8BA71313-DF9B-45A2-A64B-64D7E17009A4}.Release|x64.Build.0 = Release|x64
		{8BA71313-DF9B-45A2-A64B-64D7E17009A4}.Release|x86.ActiveCfg = Release|x86
		{8BA71313-DF9B-45A2-A64B-64D7E17009A4}.Release|x86.Build.0 = Release|x86
		{28C9C952-B102-409B-8C0E-9F236375D696}.Debug|Any CPU.ActiveCfg = Debug|Any CPU
		{28C9C952-B102-409B-8C0E-9F236375D696}.Debug|Any CPU.Build.0 = Debug|Any CPU
		{28C9C952-B102-409B-8C0E-9F236375D696}.Debug|x64.ActiveCfg = Debug|x64
		{28C9C952-B102-409B-8C0E-9F236375D696}.Debug|x64.Build.0 = Debug|x64
		{28C9C952-B102-409B-8C0E-9F236375D696}.Debug|x86.ActiveCfg = Debug|x86
		{28C9C952-B102-409B-8C0E-9F236375D696}.Debug|x86.Build.0 = Debug|x86
		{28C9C952-B102-409B-8C0E-9F236375D696}.Release|Any CPU.ActiveCfg = Release|Any CPU
		{28C9C952-B102-409B-8C0E-9F236375D696}.Release|Any CPU.Build.0 = Release|Any CPU
		{28C9C952-B102-409B-8C0E-9F236375D696}.Release|x64.ActiveCfg = Release|x64
		{28C9C952-B102-409B-8C0E-9F236375D696}.Release|x64.Build.0 = Release|x64
		{28C9C952-B102-409B-8C0E-9F236375D696}.Release|x86.ActiveCfg = Release|x86
		{28C9C952-B102-409B-8C0E-9F236375D696}.Release|x86.Build.0 = Release|x86
	EndGlobalSection
	GlobalSection(SolutionProperties) = preSolution
		HideSolutionNode = FALSE
	EndGlobalSection
EndGlobal
